{
  "name": "proof-of-inclusion",
  "version": "1.0.0",
  "lockfileVersion": 2,
  "requires": true,
  "packages": {
    "": {
      "name": "proof-of-inclusion",
      "version": "1.0.0",
      "license": "Apache-2.0",
      "dependencies": {
        "@iota/iota.js": "next"
      }
    },
    "node_modules/@iota/crypto.js": {
      "version": "1.9.0-stardust.6",
      "resolved": "https://registry.npmjs.org/@iota/crypto.js/-/crypto.js-1.9.0-stardust.6.tgz",
      "integrity": "sha512-jbruSRXlEKW2dgfPFG7e42ODBp4dVu2/CAh/oZrzMjehPdyF2tgAeN1woOqOAmVONWoGVV9GViZti3nShhGF1g==",
      "dependencies": {
        "@iota/util.js": "^1.9.0-stardust.5",
        "big-integer": "^1.6.51"
      },
      "engines": {
        "node": ">=14.0.0"
      }
    },
    "node_modules/@iota/iota.js": {
      "version": "1.9.0-stardust.22",
      "resolved": "https://registry.npmjs.org/@iota/iota.js/-/iota.js-1.9.0-stardust.22.tgz",
      "integrity": "sha512-20hKTqKZ8Gvpe7sQG4k8lEwxbe60/amCCeX/rMuvIb5RAuv4yikl9WFcgRXd9UTQr8D7Pj0rxpMMLZPGa+MGew==",
      "dependencies": {
        "@iota/crypto.js": "^1.9.0-stardust.6",
        "@iota/util.js": "^1.9.0-stardust.5",
        "big-integer": "^1.6.51",
        "node-fetch": "2.6.7"
      },
      "engines": {
        "node": ">=14.0.0"
      }
    },
    "node_modules/@iota/util.js": {
      "version": "1.9.0-stardust.5",
      "resolved": "https://registry.npmjs.org/@iota/util.js/-/util.js-1.9.0-stardust.5.tgz",
      "integrity": "sha512-BGXzzjUQQYaV/H0bXJYKW+Zgd9PIN+HLPH8BcYhubI65X4G2ID23/osmpK/za+Ds6t/MkpdPKIiBwZPGXuCUBw==",
      "dependencies": {
        "big-integer": "^1.6.51"
      },
      "engines": {
        "node": ">=14.0.0"
      }
    },
    "node_modules/big-integer": {
      "version": "1.6.51",
      "resolved": "https://registry.npmjs.org/big-integer/-/big-integer-1.6.51.tgz",
      "integrity": "sha512-GPEid2Y9QU1Exl1rpO9B2IPJGHPSupF5GnVIP0blYvNOMer2bTvSWs1jGOUg04hTmu67nmLsQ9TBo1puaotBHg==",
      "engines": {
        "node": ">=0.6"
      }
    },
    "node_modules/node-fetch": {
      "version": "2.6.7",
      "resolved": "https://registry.npmjs.org/node-fetch/-/node-fetch-2.6.7.tgz",
      "integrity": "sha512-ZjMPFEfVx5j+y2yF35Kzx5sF7kDzxuDj6ziH4FFbOp87zKDZNx8yExJIb05OGF4Nlt9IHFIMBkRl41VdvcNdbQ==",
      "dependencies": {
        "whatwg-url": "^5.0.0"
      },
      "engines": {
        "node": "4.x || >=6.0.0"
      },
      "peerDependencies": {
        "encoding": "^0.1.0"
      },
      "peerDependenciesMeta": {
        "encoding": {
          "optional": true
        }
      }
    },
    "node_modules/tr46": {
      "version": "0.0.3",
      "resolved": "https://registry.npmjs.org/tr46/-/tr46-0.0.3.tgz",
      "integrity": "sha512-N3WMsuqV66lT30CrXNbEjx4GEwlow3v6rr4mCcv6prnfwhS01rkgyFdjPNBYd9br7LpXV1+Emh01fHnq2Gdgrw=="
    },
    "node_modules/webidl-conversions": {
      "version": "3.0.1",
      "resolved": "https://registry.npmjs.org/webidl-conversions/-/webidl-conversions-3.0.1.tgz",
      "integrity": "sha512-2JAn3z8AR6rjK8Sm8orRC0h/bcl/DqL7tRPdGZ4I1CjdF+EaMLmYxBHyXuKL849eucPFhvBoxMsflfOb8kxaeQ=="
    },
    "node_modules/whatwg-url": {
      "version": "5.0.0",
      "resolved": "https://registry.npmjs.org/whatwg-url/-/whatwg-url-5.0.0.tgz",
      "integrity": "sha512-saE57nupxk6v3HY35+jzBwYa0rKSy0XR8JSxZPwgLr7ys0IBzhGviA1/TUGJLmSVqs8pb9AnvICXEuOHLprYTw==",
      "dependencies": {
        "tr46": "~0.0.3",
        "webidl-conversions": "^3.0.0"
      }
    }
  },
  "dependencies": {
    "@iota/crypto.js": {
      "version": "1.9.0-stardust.6",
      "resolved": "https://registry.npmjs.org/@iota/crypto.js/-/crypto.js-1.9.0-stardust.6.tgz",
      "integrity": "sha512-jbruSRXlEKW2dgfPFG7e42ODBp4dVu2/CAh/oZrzMjehPdyF2tgAeN1woOqOAmVONWoGVV9GViZti3nShhGF1g==",
      "requires": {
        "@iota/util.js": "^1.9.0-stardust.5",
        "big-integer": "^1.6.51"
      }
    },
    "@iota/iota.js": {
      "version": "1.9.0-stardust.22",
      "resolved": "https://registry.npmjs.org/@iota/iota.js/-/iota.js-1.9.0-stardust.22.tgz",
      "integrity": "sha512-20hKTqKZ8Gvpe7sQG4k8lEwxbe60/amCCeX/rMuvIb5RAuv4yikl9WFcgRXd9UTQr8D7Pj0rxpMMLZPGa+MGew==",
      "requires": {
        "@iota/crypto.js": "^1.9.0-stardust.6",
        "@iota/util.js": "^1.9.0-stardust.5",
        "big-integer": "^1.6.51",
        "node-fetch": "2.6.7"
      }
    },
    "@iota/util.js": {
      "version": "1.9.0-stardust.5",
      "resolved": "https://registry.npmjs.org/@iota/util.js/-/util.js-1.9.0-stardust.5.tgz",
      "integrity": "sha512-BGXzzjUQQYaV/H0bXJYKW+Zgd9PIN+HLPH8BcYhubI65X4G2ID23/osmpK/za+Ds6t/MkpdPKIiBwZPGXuCUBw==",
      "requires": {
        "big-integer": "^1.6.51"
      }
    },
    "big-integer": {
      "version": "1.6.51",
      "resolved": "https://registry.npmjs.org/big-integer/-/big-integer-1.6.51.tgz",
      "integrity": "sha512-GPEid2Y9QU1Exl1rpO9B2IPJGHPSupF5GnVIP0blYvNOMer2bTvSWs1jGOUg04hTmu67nmLsQ9TBo1puaotBHg=="
    },
    "node-fetch": {
      "version": "2.6.7",
      "resolved": "https://registry.npmjs.org/node-fetch/-/node-fetch-2.6.7.tgz",
      "integrity": "sha512-ZjMPFEfVx5j+y2yF35Kzx5sF7kDzxuDj6ziH4FFbOp87zKDZNx8yExJIb05OGF4Nlt9IHFIMBkRl41VdvcNdbQ==",
      "requires": {
        "whatwg-url": "^5.0.0"
      }
    },
    "tr46": {
      "version": "0.0.3",
      "resolved": "https://registry.npmjs.org/tr46/-/tr46-0.0.3.tgz",
      "integrity": "sha512-N3WMsuqV66lT30CrXNbEjx4GEwlow3v6rr4mCcv6prnfwhS01rkgyFdjPNBYd9br7LpXV1+Emh01fHnq2Gdgrw=="
    },
    "webidl-conversions": {
      "version": "3.0.1",
      "resolved": "https://registry.npmjs.org/webidl-conversions/-/webidl-conversions-3.0.1.tgz",
      "integrity": "sha512-2JAn3z8AR6rjK8Sm8orRC0h/bcl/DqL7tRPdGZ4I1CjdF+EaMLmYxBHyXuKL849eucPFhvBoxMsflfOb8kxaeQ=="
    },
    "whatwg-url": {
      "version": "5.0.0",
      "resolved": "https://registry.npmjs.org/whatwg-url/-/whatwg-url-5.0.0.tgz",
      "integrity": "sha512-saE57nupxk6v3HY35+jzBwYa0rKSy0XR8JSxZPwgLr7ys0IBzhGviA1/TUGJLmSVqs8pb9AnvICXEuOHLprYTw==",
      "requires": {
        "tr46": "~0.0.3",
        "webidl-conversions": "^3.0.0"
      }
    }
  }
}
